
Microsoft Visual Studio Solution File, Format Version 12.00
# Visual Studio Version 16
VisualStudioVersion = 25.0.1703.0
MinimumVisualStudioVersion = 10.0.40219.1
Project("{FAE04EC0-301F-11D3-BF4B-00C04F79EFBC}") = "New1", "New1\New1.csproj", "{3D3B13B5-E9DA-41EA-948B-895851681825}"
EndProject
Global
	GlobalSection(SolutionConfigurationPlatforms) = preSolution
		Debug|Any CPU = Debug|Any CPU
		Release|Any CPU = Release|Any CPU
	EndGlobalSection
	GlobalSection(ProjectConfigurationPlatforms) = postSolution
		{3D3B13B5-E9DA-41EA-948B-895851681825}.Debug|Any CPU.ActiveCfg = Debug|Any CPU
		{3D3B13B5-E9DA-41EA-948B-895851681825}.Debug|Any CPU.Build.0 = Debug|Any CPU
		{3D3B13B5-E9DA-41EA-948B-895851681825}.Release|Any CPU.ActiveCfg = Release|Any CPU
		{3D3B13B5-E9DA-41EA-948B-895851681825}.Release|Any CPU.Build.0 = Release|Any CPU
	EndGlobalSection
	GlobalSection(SolutionProperties) = preSolution
		HideSolutionNode = FALSE
	EndGlobalSection
	GlobalSection(ExtensibilityGlobals) = postSolution
		SolutionGuid = {8E5C79D8-36BA-4AA9-B166-7B24ED5F7692}
	EndGlobalSection
EndGlobal
